// !$*UTF8*$!
{
	archiveVersion = 1;
	classes = {
	};
	objectVersion = 56;
	objects = {

/* Begin PBXBuildFile section */
		754103F12A9CB6C10065D9AB /* AppDelegate.swift in Sources */ = {isa = PBXBuildFile; fileRef = 754103F02A9CB6C10065D9AB /* AppDelegate.swift */; };
		754103F32A9CB6C10065D9AB /* SceneDelegate.swift in Sources */ = {isa = PBXBuildFile; fileRef = 754103F22A9CB6C10065D9AB /* SceneDelegate.swift */; };
		754103F52A9CB6C10065D9AB /* ViewController.swift in Sources */ = {isa = PBXBuildFile; fileRef = 754103F42A9CB6C10065D9AB /* ViewController.swift */; };
		754103F82A9CB6C10065D9AB /* Main.storyboard in Resources */ = {isa = PBXBuildFile; fileRef = 754103F62A9CB6C10065D9AB /* Main.storyboard */; };
		754103FA2A9CB6C50065D9AB /* Assets.xcassets in Resources */ = {isa = PBXBuildFile; fileRef = 754103F92A9CB6C50065D9AB /* Assets.xcassets */; };
		754103FD2A9CB6C50065D9AB /* LaunchScreen.storyboard in Resources */ = {isa = PBXBuildFile; fileRef = 754103FB2A9CB6C50065D9AB /* LaunchScreen.storyboard */; };
		7541044B2A9DD4EF0065D9AB /* AppSecuritySDK.framework in Frameworks */ = {isa = PBXBuildFile; fileRef = 754104392A9CB9E40065D9AB /* AppSecuritySDK.framework */; };
		7541044C2A9DD4EF0065D9AB /* AppSecuritySDK.framework in Embed Frameworks */ = {isa = PBXBuildFile; fileRef = 754104392A9CB9E40065D9AB /* AppSecuritySDK.framework */; settings = {ATTRIBUTES = (CodeSignOnCopy, RemoveHeadersOnCopy, ); }; };
/* End PBXBuildFile section */

/* Begin PBXContainerItemProxy section */
		754104382A9CB9E40065D9AB /* PBXContainerItemProxy */ = {
			isa = PBXContainerItemProxy;
			containerPortal = 754104342A9CB9E40065D9AB /* AppSecuritySDK.xcodeproj */;
			proxyType = 2;
			remoteGlobalIDString = 754104202A9CB9940065D9AB;
			remoteInfo = AppSecuritySDK;
		};
/* End PBXContainerItemProxy section */

/* Begin PBXCopyFilesBuildPhase section */
		7541044D2A9DD4EF0065D9AB /* Embed Frameworks */ = {
			isa = PBXCopyFilesBuildPhase;
			buildActionMask = 2147483647;
			dstPath = "";
			dstSubfolderSpec = 10;
			files = (
				7541044C2A9DD4EF0065D9AB /* AppSecuritySDK.framework in Embed Frameworks */,
			);
			name = "Embed Frameworks";
			runOnlyForDeploymentPostprocessing = 0;
		};
/* End PBXCopyFilesBuildPhase section */

/* Begin PBXFileReference section */
		754103ED2A9CB6C10065D9AB /* AppSecurityDemo.app */ = {isa = PBXFileReference; explicitFileType = wrapper.application; includeInIndex = 0; path = AppSecurityDemo.app; sourceTree = BUILT_PRODUCTS_DIR; };
		754103F02A9CB6C10065D9AB /* AppDelegate.swift */ = {isa = PBXFileReference; lastKnownFileType = sourcecode.swift; path = AppDelegate.swift; sourceTree = "<group>"; };
		754103F22A9CB6C10065D9AB /* SceneDelegate.swift */ = {isa = PBXFileReference; lastKnownFileType = sourcecode.swift; path = SceneDelegate.swift; sourceTree = "<group>"; };
		754103F42A9CB6C10065D9AB /* ViewController.swift */ = {isa = PBXFileReference; lastKnownFileType = sourcecode.swift; path = ViewController.swift; sourceTree = "<group>"; };
		754103F72A9CB6C10065D9AB /* Base */ = {isa = PBXFileReference; lastKnownFileType = file.storyboard; name = Base; path = Base.lproj/Main.storyboard; sourceTree = "<group>"; };
		754103F92A9CB6C50065D9AB /* Assets.xcassets */ = {isa = PBXFileReference; lastKnownFileType = folder.assetcatalog; path = Assets.xcassets; sourceTree = "<group>"; };
		754103FC2A9CB6C50065D9AB /* Base */ = {isa = PBXFileReference; lastKnownFileType = file.storyboard; name = Base; path = Base.lproj/LaunchScreen.storyboard; sourceTree = "<group>"; };
		754103FE2A9CB6C50065D9AB /* Info.plist */ = {isa = PBXFileReference; lastKnownFileType = text.plist.xml; path = Info.plist; sourceTree = "<group>"; };
		754104342A9CB9E40065D9AB /* AppSecuritySDK.xcodeproj */ = {isa = PBXFileReference; lastKnownFileType = "wrapper.pb-project"; name = AppSecuritySDK.xcodeproj; path = ../AppSecuritySDK/AppSecuritySDK.xcodeproj; sourceTree = "<group>"; };
/* End PBXFileReference section */

/* Begin PBXFrameworksBuildPhase section */
		754103EA2A9CB6C10065D9AB /* Frameworks */ = {
			isa = PBXFrameworksBuildPhase;
			buildActionMask = 2147483647;
			files = (
				7541044B2A9DD4EF0065D9AB /* AppSecuritySDK.framework in Frameworks */,
			);
			runOnlyForDeploymentPostprocessing = 0;
		};
/* End PBXFrameworksBuildPhase section */

/* Begin PBXGroup section */
		754103E42A9CB6C10065D9AB = {
			isa = PBXGroup;
			children = (
				754104342A9CB9E40065D9AB /* AppSecuritySDK.xcodeproj */,
				754103EF2A9CB6C10065D9AB /* AppSecurityDemo */,
				754103EE2A9CB6C10065D9AB /* Products */,
				754104492A9DD4EF0065D9AB /* Frameworks */,
			);
			sourceTree = "<group>";
		};
		754103EE2A9CB6C10065D9AB /* Products */ = {
			isa = PBXGroup;
			children = (
				754103ED2A9CB6C10065D9AB /* AppSecurityDemo.app */,
			);
			name = Products;
			sourceTree = "<group>";
		};
		754103EF2A9CB6C10065D9AB /* AppSecurityDemo */ = {
			isa = PBXGroup;
			children = (
				754103F02A9CB6C10065D9AB /* AppDelegate.swift */,
				754103F22A9CB6C10065D9AB /* SceneDelegate.swift */,
				754103F42A9CB6C10065D9AB /* ViewController.swift */,
				754103F62A9CB6C10065D9AB /* Main.storyboard */,
				754103F92A9CB6C50065D9AB /* Assets.xcassets */,
				754103FB2A9CB6C50065D9AB /* LaunchScreen.storyboard */,
				754103FE2A9CB6C50065D9AB /* Info.plist */,
			);
			path = AppSecurityDemo;
			sourceTree = "<group>";
		};
		754104352A9CB9E40065D9AB /* Products */ = {
			isa = PBXGroup;
			children = (
				754104392A9CB9E40065D9AB /* AppSecuritySDK.framework */,
			);
			name = Products;
			sourceTree = "<group>";
		};
		754104492A9DD4EF0065D9AB /* Frameworks */ = {
			isa = PBXGroup;
			children = (
			);
			name = Frameworks;
			sourceTree = "<group>";
		};
/* End PBXGroup section */

/* Begin PBXNativeTarget section */
		754103EC2A9CB6C10065D9AB /* AppSecurityDemo */ = {
			isa = PBXNativeTarget;
			buildConfigurationList = 754104012A9CB6C50065D9AB /* Build configuration list for PBXNativeTarget "AppSecurityDemo" */;
			buildPhases = (
				754103E92A9CB6C10065D9AB /* Sources */,
				754103EA2A9CB6C10065D9AB /* Frameworks */,
				754103EB2A9CB6C10065D9AB /* Resources */,
				7541044D2A9DD4EF0065D9AB /* Embed Frameworks */,
			);
			buildRules = (
			);
			dependencies = (
			);
			name = AppSecurityDemo;
			productName = AppSecurityDemo;
			productReference = 754103ED2A9CB6C10065D9AB /* AppSecurityDemo.app */;
			productType = "com.apple.product-type.application";
		};
/* End PBXNativeTarget section */

/* Begin PBXProject section */
		754103E52A9CB6C10065D9AB /* Project object */ = {
			isa = PBXProject;
			attributes = {
				BuildIndependentTargetsInParallel = 1;
				LastSwiftUpdateCheck = 1420;
				LastUpgradeCheck = 1420;
				TargetAttributes = {
					754103EC2A9CB6C10065D9AB = {
						CreatedOnToolsVersion = 14.2;
					};
				};
			};
			buildConfigurationList = 754103E82A9CB6C10065D9AB /* Build configuration list for PBXProject "AppSecurityDemo" */;
			compatibilityVersion = "Xcode 14.0";
			developmentRegion = en;
			hasScannedForEncodings = 0;
			knownRegions = (
				en,
				Base,
			);
			mainGroup = 754103E42A9CB6C10065D9AB;
			productRefGroup = 754103EE2A9CB6C10065D9AB /* Products */;
			projectDirPath = "";
			projectReferences = (
				{
					ProductGroup = 754104352A9CB9E40065D9AB /* Products */;
					ProjectRef = 754104342A9CB9E40065D9AB /* AppSecuritySDK.xcodeproj */;
				},
			);
			projectRoot = "";
			targets = (
				754103EC2A9CB6C10065D9AB /* AppSecurityDemo */,
			);
		};
/* End PBXProject section */

/* Begin PBXReferenceProxy section */
		754104392A9CB9E40065D9AB /* AppSecuritySDK.framework */ = {
			isa = PBXReferenceProxy;
			fileType = wrapper.framework;
			path = AppSecuritySDK.framework;
			remoteRef = 754104382A9CB9E40065D9AB /* PBXContainerItemProxy */;
			sourceTree = BUILT_PRODUCTS_DIR;
		};
/* End PBXReferenceProxy section */

/* Begin PBXResourcesBuildPhase section */
		754103EB2A9CB6C10065D9AB /* Resources */ = {
			isa = PBXResourcesBuildPhase;
			buildActionMask = 2147483647;
			files = (
				754103FD2A9CB6C50065D9AB /* LaunchScreen.storyboard in Resources */,
				754103FA2A9CB6C50065D9AB /* Assets.xcassets in Resources */,
				754103F82A9CB6C10065D9AB /* Main.storyboard in Resources */,
			);
			runOnlyForDeploymentPostprocessing = 0;
		};
/* End PBXResourcesBuildPhase section */

/* Begin PBXSourcesBuildPhase section */
		754103E92A9CB6C10065D9AB /* Sources */ = {
			isa = PBXSourcesBuildPhase;
			buildActionMask = 2147483647;
			files = (
				754103F52A9CB6C10065D9AB /* ViewController.swift in Sources */,
				754103F12A9CB6C10065D9AB /* AppDelegate.swift in Sources */,
				754103F32A9CB6C10065D9AB /* SceneDelegate.swift in Sources */,
			);
			runOnlyForDeploymentPostprocessing = 0;
		};
/* End PBXSourcesBuildPhase section */

/* Begin PBXVariantGroup section */
		754103F62A9CB6C10065D9AB /* Main.storyboard */ = {
			isa = PBXVariantGroup;
			children = (
				754103F72A9CB6C10065D9AB /* Base */,
			);
			name = Main.storyboard;
			sourceTree = "<group>";
		};
		754103FB2A9CB6C50065D9AB /* LaunchScreen.storyboard */ = {
			isa = PBXVariantGroup;
			children = (
				754103FC2A9CB6C50065D9AB /* Base */,
			);
			name = LaunchScreen.storyboard;
			sourceTree = "<group>";
		};
/* End PBXVariantGroup section */

/* Begin XCBuildConfiguration section */
		754103FF2A9CB6C50065D9AB /* Debug */ = {
			isa = XCBuildConfiguration;
			buildSettings = {
				ALWAYS_SEARCH_USER_PATHS = NO;
				CLANG_ANALYZER_NONNULL = YES;
				CLANG_ANALYZER_NUMBER_OBJECT_CONVERSION = YES_AGGRESSIVE;
				CLANG_CXX_LANGUAGE_STANDARD = "gnu++20";
				CLANG_ENABLE_MODULES = YES;
				CLANG_ENABLE_OBJC_ARC = YES;
				CLANG_ENABLE_OBJC_WEAK = YES;
				CLANG_WARN_BLOCK_CAPTURE_AUTORELEASING = YES;
				CLANG_WARN_BOOL_CONVERSION = YES;
				CLANG_WARN_COMMA = YES;
				CLANG_WARN_CONSTANT_CONVERSION = YES;
				CLANG_WARN_DEPRECATED_OBJC_IMPLEMENTATIONS = YES;
				CLANG_WARN_DIRECT_OBJC_ISA_USAGE = YES_ERROR;
				CLANG_WARN_DOCUMENTATION_COMMENTS = YES;
				CLANG_WARN_EMPTY_BODY = YES;
				CLANG_WARN_ENUM_CONVERSION = YES;
				CLANG_WARN_INFINITE_RECURSION = YES;
				CLANG_WARN_INT_CONVERSION = YES;
				CLANG_WARN_NON_LITERAL_NULL_CONVERSION = YES;
				CLANG_WARN_OBJC_IMPLICIT_RETAIN_SELF = YES;
				CLANG_WARN_OBJC_LITERAL_CONVERSION = YES;
				CLANG_WARN_OBJC_ROOT_CLASS = YES_ERROR;
				CLANG_WARN_QUOTED_INCLUDE_IN_FRAMEWORK_HEADER = YES;
				CLANG_WARN_RANGE_LOOP_ANALYSIS = YES;
				CLANG_WARN_STRICT_PROTOTYPES = YES;
				CLANG_WARN_SUSPICIOUS_MOVE = YES;
				CLANG_WARN_UNGUARDED_AVAILABILITY = YES_AGGRESSIVE;
				CLANG_WARN_UNREACHABLE_CODE = YES;
				CLANG_WARN__DUPLICATE_METHOD_MATCH = YES;
				COPY_PHASE_STRIP = NO;
				DEBUG_INFORMATION_FORMAT = dwarf;
				ENABLE_STRICT_OBJC_MSGSEND = YES;
				ENABLE_TESTABILITY = YES;
				GCC_C_LANGUAGE_STANDARD = gnu11;
				GCC_DYNAMIC_NO_PIC = NO;
				GCC_NO_COMMON_BLOCKS = YES;
				GCC_OPTIMIZATION_LEVEL = 0;
				GCC_PREPROCESSOR_DEFINITIONS = (
					"DEBUG=1",
					"$(inherited)",
				);
				GCC_WARN_64_TO_32_BIT_CONVERSION = YES;
				GCC_WARN_ABOUT_RETURN_TYPE = YES_ERROR;
				GCC_WARN_UNDECLARED_SELECTOR = YES;
				GCC_WARN_UNINITIALIZED_AUTOS = YES_AGGRESSIVE;
				GCC_WARN_UNUSED_FUNCTION = YES;
				GCC_WARN_UNUSED_VARIABLE = YES;
				IPHONEOS_DEPLOYMENT_TARGET = 16.2;
				MTL_ENABLE_DEBUG_INFO = INCLUDE_SOURCE;
				MTL_FAST_MATH = YES;
				ONLY_ACTIVE_ARCH = YES;
				SDKROOT = iphoneos;
				SWIFT_ACTIVE_COMPILATION_CONDITIONS = DEBUG;
				SWIFT_OPTIMIZATION_LEVEL = "-Onone";
			};
			name = Debug;
		};
		754104002A9CB6C50065D9AB /* Release */ = {
			isa = XCBuildConfiguration;
			buildSettings = {
				ALWAYS_SEARCH_USER_PATHS = NO;
				CLANG_ANALYZER_NONNULL = YES;
				CLANG_ANALYZER_NUMBER_OBJECT_CONVERSION = YES_AGGRESSIVE;
				CLANG_CXX_LANGUAGE_STANDARD = "gnu++20";
				CLANG_ENABLE_MODULES = YES;
				CLANG_ENABLE_OBJC_ARC = YES;
				CLANG_ENABLE_OBJC_WEAK = YES;
				CLANG_WARN_BLOCK_CAPTURE_AUTORELEASING = YES;
				CLANG_WARN_BOOL_CONVERSION = YES;
				CLANG_WARN_COMMA = YES;
				CLANG_WARN_CONSTANT_CONVERSION = YES;
				CLANG_WARN_DEPRECATED_OBJC_IMPLEMENTATIONS = YES;
				CLANG_WARN_DIRECT_OBJC_ISA_USAGE = YES_ERROR;
				CLANG_WARN_DOCUMENTATION_COMMENTS = YES;
				CLANG_WARN_EMPTY_BODY = YES;
				CLANG_WARN_ENUM_CONVERSION = YES;
				CLANG_WARN_INFINITE_RECURSION = YES;
				CLANG_WARN_INT_CONVERSION = YES;
				CLANG_WARN_NON_LITERAL_NULL_CONVERSION = YES;
				CLANG_WARN_OBJC_IMPLICIT_RETAIN_SELF = YES;
				CLANG_WARN_OBJC_LITERAL_CONVERSION = YES;
				CLANG_WARN_OBJC_ROOT_CLASS = YES_ERROR;
				CLANG_WARN_QUOTED_INCLUDE_IN_FRAMEWORK_HEADER = YES;
				CLANG_WARN_RANGE_LOOP_ANALYSIS = YES;
				CLANG_WARN_STRICT_PROTOTYPES = YES;
				CLANG_WARN_SUSPICIOUS_MOVE = YES;
				CLANG_WARN_UNGUARDED_AVAILABILITY = YES_AGGRESSIVE;
				CLANG_WARN_UNREACHABLE_CODE = YES;
				CLANG_WARN__DUPLICATE_METHOD_MATCH = YES;
				COPY_PHASE_STRIP = NO;
				DEBUG_INFORMATION_FORMAT = "dwarf-with-dsym";
				ENABLE_NS_ASSERTIONS = NO;
				ENABLE_STRICT_OBJC_MSGSEND = YES;
				GCC_C_LANGUAGE_STANDARD = gnu11;
				GCC_NO_COMMON_BLOCKS = YES;
				GCC_WARN_64_TO_32_BIT_CONVERSION = YES;
				GCC_WARN_ABOUT_RETURN_TYPE = YES_ERROR;
				GCC_WARN_UNDECLARED_SELECTOR = YES;
				GCC_WARN_UNINITIALIZED_AUTOS = YES_AGGRESSIVE;
				GCC_WARN_UNUSED_FUNCTION = YES;
				GCC_WARN_UNUSED_VARIABLE = YES;
				IPHONEOS_DEPLOYMENT_TARGET = 16.2;
				MTL_ENABLE_DEBUG_INFO = NO;
				MTL_FAST_MATH = YES;
				SDKROOT = iphoneos;
				SWIFT_COMPILATION_MODE = wholemodule;
				SWIFT_OPTIMIZATION_LEVEL = "-O";
				VALIDATE_PRODUCT = YES;
			};
			name = Release;
		};
		754104022A9CB6C50065D9AB /* Debug */ = {
			isa = XCBuildConfiguration;
			buildSettings = {
				ASSETCATALOG_COMPILER_APPICON_NAME = AppIcon;
				ASSETCATALOG_COMPILER_GLOBAL_ACCENT_COLOR_NAME = AccentColor;
				CODE_SIGN_STYLE = Automatic;
				CURRENT_PROJECT_VERSION = 1;
				DEVELOPMENT_TEAM = CKSK2Q7V65;
				GENERATE_INFOPLIST_FILE = YES;
				INFOPLIST_FILE = AppSecurityDemo/Info.plist;
				INFOPLIST_KEY_UIApplicationSupportsIndirectInputEvents = YES;
				INFOPLIST_KEY_UILaunchStoryboardName = LaunchScreen;
				INFOPLIST_KEY_UIMainStoryboardFile = Main;
				INFOPLIST_KEY_UISupportedInterfaceOrientations_iPad = "UIInterfaceOrientationPortrait UIInterfaceOrientationPortraitUpsideDown UIInterfaceOrientationLandscapeLeft UIInterfaceOrientationLandscapeRight";
				INFOPLIST_KEY_UISupportedInterfaceOrientations_iPhone = "UIInterfaceOrientationPortrait UIInterfaceOrientationLandscapeLeft UIInterfaceOrientationLandscapeRight";
				IPHONEOS_DEPLOYMENT_TARGET = 15.0;
				LD_RUNPATH_SEARCH_PATHS = (
					"$(inherited)",
					"@executable_path/Frameworks",
				);
				MARKETING_VERSION = 1.0;
				PRODUCT_BUNDLE_IDENTIFIER = com.isgl.AppSecurityDemo;
				PRODUCT_NAME = "$(TARGET_NAME)";
				SWIFT_EMIT_LOC_STRINGS = YES;
				SWIFT_VERSION = 5.0;
				TARGETED_DEVICE_FAMILY = "1,2";
			};
			name = Debug;
		};
		754104032A9CB6C50065D9AB /* Release */ = {
			isa = XCBuildConfiguration;
			buildSettings = {
				ASSETCATALOG_COMPILER_APPICON_NAME = AppIcon;
				ASSETCATALOG_COMPILER_GLOBAL_ACCENT_COLOR_NAME = AccentColor;
				CODE_SIGN_STYLE = Automatic;
				CURRENT_PROJECT_VERSION = 1;
				DEVELOPMENT_TEAM = CKSK2Q7V65;
				GENERATE_INFOPLIST_FILE = YES;
				INFOPLIST_FILE = AppSecurityDemo/Info.plist;
				INFOPLIST_KEY_UIApplicationSupportsIndirectInputEvents = YES;
				INFOPLIST_KEY_UILaunchStoryboardName = LaunchScreen;
				INFOPLIST_KEY_UIMainStoryboardFile = Main;
				INFOPLIST_KEY_UISupportedInterfaceOrientations_iPad = "UIInterfaceOrientationPortrait UIInterfaceOrientationPortraitUpsideDown UIInterfaceOrientationLandscapeLeft UIInterfaceOrientationLandscapeRight";
				INFOPLIST_KEY_UISupportedInterfaceOrientations_iPhone = "UIInterfaceOrientationPortrait UIInterfaceOrientationLandscapeLeft UIInterfaceOrientationLandscapeRight";
				IPHONEOS_DEPLOYMENT_TARGET = 15.0;
				LD_RUNPATH_SEARCH_PATHS = (
					"$(inherited)",
					"@executable_path/Frameworks",
				);
				MARKETING_VERSION = 1.0;
				PRODUCT_BUNDLE_IDENTIFIER = com.isgl.AppSecurityDemo;
				PRODUCT_NAME = "$(TARGET_NAME)";
				SWIFT_EMIT_LOC_STRINGS = YES;
				SWIFT_VERSION = 5.0;
				TARGETED_DEVICE_FAMILY = "1,2";
			};
			name = Release;
		};
/* End XCBuildConfiguration section */

/* Begin XCConfigurationList section */
		754103E82A9CB6C10065D9AB /* Build configuration list for PBXProject "AppSecurityDemo" */ = {
			isa = XCConfigurationList;
			buildConfigurations = (
				754103FF2A9CB6C50065D9AB /* Debug */,
				754104002A9CB6C50065D9AB /* Release */,
			);
			defaultConfigurationIsVisible = 0;
			defaultConfigurationName = Release;
		};
		754104012A9CB6C50065D9AB /* Build configuration list for PBXNativeTarget "AppSecurityDemo" */ = {
			isa = XCConfigurationList;
			buildConfigurations = (
				754104022A9CB6C50065D9AB /* Debug */,
				754104032A9CB6C50065D9AB /* Release */,
			);
			defaultConfigurationIsVisible = 0;
			defaultConfigurationName = Release;
		};
/* End XCConfigurationList section */
	};
	rootObject = 754103E52A9CB6C10065D9AB /* Project object */;
}
